
Microsoft Visual Studio Solution File, Format Version 12.00
# Visual Studio Version 17
VisualStudioVersion = 17.5.33530.505
MinimumVisualStudioVersion = 10.0.40219.1
Project("{F184B08F-C81C-45F6-A57F-5ABD9991F28F}") = "FUSE (BRGY MASAPANG PROFILING SYSTEM)", "FUSE (BRGY MASAPANG PROFILING SYSTEM)\FUSE (BRGY MASAPANG PROFILING SYSTEM).vbproj", "{78F0A4E9-B0B0-4A13-B11A-D2AF02FB9584}"
EndProject
Global
	GlobalSection(SolutionConfigurationPlatforms) = preSolution
		Debug|Any CPU = Debug|Any CPU
		Release|Any CPU = Release|Any CPU
	EndGlobalSection
	GlobalSection(ProjectConfigurationPlatforms) = postSolution
		{78F0A4E9-B0B0-4A13-B11A-D2AF02FB9584}.Debug|Any CPU.ActiveCfg = Debug|Any CPU
		{78F0A4E9-B0B0-4A13-B11A-D2AF02FB9584}.Debug|Any CPU.Build.0 = Debug|Any CPU
		{78F0A4E9-B0B0-4A13-B11A-D2AF02FB9584}.Release|Any CPU.ActiveCfg = Release|Any CPU
		{78F0A4E9-B0B0-4A13-B11A-D2AF02FB9584}.Release|Any CPU.Build.0 = Release|Any CPU
	EndGlobalSection
	GlobalSection(SolutionProperties) = preSolution
		HideSolutionNode = FALSE
	EndGlobalSection
	GlobalSection(ExtensibilityGlobals) = postSolution
		SolutionGuid = {A5971A74-4D93-4BE9-95C8-F06E24974071}
	EndGlobalSection
EndGlobal
